
Microsoft Visual Studio Solution File, Format Version 12.00
# Visual Studio Version 17
VisualStudioVersion = 17.4.33213.308
MinimumVisualStudioVersion = 10.0.40219.1
Project("{FAE04EC0-301F-11D3-BF4B-00C04F79EFBC}") = "AddingBlazorComponent", "AddingBlazorComponent.csproj", "{669A8A62-0311-4A98-ADD3-089535509A4F}"
EndProject
Global
	GlobalSection(SolutionConfigurationPlatforms) = preSolution
		Debug|Any CPU = Debug|Any CPU
		Release|Any CPU = Release|Any CPU
	EndGlobalSection
	GlobalSection(ProjectConfigurationPlatforms) = postSolution
		{669A8A62-0311-4A98-ADD3-089535509A4F}.Debug|Any CPU.ActiveCfg = Debug|Any CPU
		{669A8A62-0311-4A98-ADD3-089535509A4F}.Debug|Any CPU.Build.0 = Debug|Any CPU
		{669A8A62-0311-4A98-ADD3-089535509A4F}.Release|Any CPU.ActiveCfg = Release|Any CPU
		{669A8A62-0311-4A98-ADD3-089535509A4F}.Release|Any CPU.Build.0 = Release|Any CPU
	EndGlobalSection
	GlobalSection(SolutionProperties) = preSolution
		HideSolutionNode = FALSE
	EndGlobalSection
	GlobalSection(ExtensibilityGlobals) = postSolution
		SolutionGuid = {B57C0049-0487-4F0F-8054-DE8A068FD181}
	EndGlobalSection
EndGlobal
